// !$*UTF8*$!
{
	archiveVersion = 1;
	classes = {
	};
	objectVersion = 48;
	objects = {

/* Begin PBXBuildFile section */
		77D085AD978D9D3FCEDF113A /* Pods_PchatApps.framework in Frameworks */ = {isa = PBXBuildFile; fileRef = 3FFD45A9F4C8B6062D95BEC0 /* Pods_PchatApps.framework */; };
		C63049E220E25A7D0022AF28 /* AppDelegate.swift in Sources */ = {isa = PBXBuildFile; fileRef = C63049E120E25A7D0022AF28 /* AppDelegate.swift */; };
		C63049E420E25A7D0022AF28 /* ViewController.swift in Sources */ = {isa = PBXBuildFile; fileRef = C63049E320E25A7D0022AF28 /* ViewController.swift */; };
		C63049E720E25A7D0022AF28 /* Main.storyboard in Resources */ = {isa = PBXBuildFile; fileRef = C63049E520E25A7D0022AF28 /* Main.storyboard */; };
		C63049E920E25A7D0022AF28 /* Assets.xcassets in Resources */ = {isa = PBXBuildFile; fileRef = C63049E820E25A7D0022AF28 /* Assets.xcassets */; };
		C63049EC20E25A7D0022AF28 /* LaunchScreen.storyboard in Resources */ = {isa = PBXBuildFile; fileRef = C63049EA20E25A7D0022AF28 /* LaunchScreen.storyboard */; };
		C63049F720E2A0430022AF28 /* SWRevealViewController.m in Sources */ = {isa = PBXBuildFile; fileRef = C63049F620E2A0430022AF28 /* SWRevealViewController.m */; };
/* End PBXBuildFile section */

/* Begin PBXFileReference section */
		3FFD45A9F4C8B6062D95BEC0 /* Pods_PchatApps.framework */ = {isa = PBXFileReference; explicitFileType = wrapper.framework; includeInIndex = 0; path = Pods_PchatApps.framework; sourceTree = BUILT_PRODUCTS_DIR; };
		5670E3218892E940AC6C08E4 /* Pods-PchatApps.release.xcconfig */ = {isa = PBXFileReference; includeInIndex = 1; lastKnownFileType = text.xcconfig; name = "Pods-PchatApps.release.xcconfig"; path = "Pods/Target Support Files/Pods-PchatApps/Pods-PchatApps.release.xcconfig"; sourceTree = "<group>"; };
		C63049DE20E25A7D0022AF28 /* PchatApps.app */ = {isa = PBXFileReference; explicitFileType = wrapper.application; includeInIndex = 0; path = PchatApps.app; sourceTree = BUILT_PRODUCTS_DIR; };
		C63049E120E25A7D0022AF28 /* AppDelegate.swift */ = {isa = PBXFileReference; lastKnownFileType = sourcecode.swift; path = AppDelegate.swift; sourceTree = "<group>"; };
		C63049E320E25A7D0022AF28 /* ViewController.swift */ = {isa = PBXFileReference; lastKnownFileType = sourcecode.swift; path = ViewController.swift; sourceTree = "<group>"; };
		C63049E620E25A7D0022AF28 /* Base */ = {isa = PBXFileReference; lastKnownFileType = file.storyboard; name = Base; path = Base.lproj/Main.storyboard; sourceTree = "<group>"; };
		C63049E820E25A7D0022AF28 /* Assets.xcassets */ = {isa = PBXFileReference; lastKnownFileType = folder.assetcatalog; path = Assets.xcassets; sourceTree = "<group>"; };
		C63049EB20E25A7D0022AF28 /* Base */ = {isa = PBXFileReference; lastKnownFileType = file.storyboard; name = Base; path = Base.lproj/LaunchScreen.storyboard; sourceTree = "<group>"; };
		C63049ED20E25A7D0022AF28 /* Info.plist */ = {isa = PBXFileReference; lastKnownFileType = text.plist.xml; path = Info.plist; sourceTree = "<group>"; };
		C63049F420E2A0410022AF28 /* PchatApps-Bridging-Header.h */ = {isa = PBXFileReference; lastKnownFileType = sourcecode.c.h; path = "PchatApps-Bridging-Header.h"; sourceTree = "<group>"; };
		C63049F520E2A0420022AF28 /* SWRevealViewController.h */ = {isa = PBXFileReference; fileEncoding = 4; lastKnownFileType = sourcecode.c.h; path = SWRevealViewController.h; sourceTree = "<group>"; };
		C63049F620E2A0430022AF28 /* SWRevealViewController.m */ = {isa = PBXFileReference; fileEncoding = 4; lastKnownFileType = sourcecode.c.objc; path = SWRevealViewController.m; sourceTree = "<group>"; };
		FDDBF3C8DD344A0AC3D0E3D9 /* Pods-PchatApps.debug.xcconfig */ = {isa = PBXFileReference; includeInIndex = 1; lastKnownFileType = text.xcconfig; name = "Pods-PchatApps.debug.xcconfig"; path = "Pods/Target Support Files/Pods-PchatApps/Pods-PchatApps.debug.xcconfig"; sourceTree = "<group>"; };
/* End PBXFileReference section */

/* Begin PBXFrameworksBuildPhase section */
		C63049DB20E25A7D0022AF28 /* Frameworks */ = {
			isa = PBXFrameworksBuildPhase;
			buildActionMask = 2147483647;
			files = (
				77D085AD978D9D3FCEDF113A /* Pods_PchatApps.framework in Frameworks */,
			);
			runOnlyForDeploymentPostprocessing = 0;
		};
/* End PBXFrameworksBuildPhase section */

/* Begin PBXGroup section */
		028740C8F1672D1AE68CD4AB /* Frameworks */ = {
			isa = PBXGroup;
			children = (
				3FFD45A9F4C8B6062D95BEC0 /* Pods_PchatApps.framework */,
			);
			name = Frameworks;
			sourceTree = "<group>";
		};
		3C5EFF49AF66D6FCB4EAC6F5 /* Pods */ = {
			isa = PBXGroup;
			children = (
				FDDBF3C8DD344A0AC3D0E3D9 /* Pods-PchatApps.debug.xcconfig */,
				5670E3218892E940AC6C08E4 /* Pods-PchatApps.release.xcconfig */,
			);
			name = Pods;
			sourceTree = "<group>";
		};
		C63049D520E25A7D0022AF28 = {
			isa = PBXGroup;
			children = (
				C63049E020E25A7D0022AF28 /* PchatApps */,
				C63049DF20E25A7D0022AF28 /* Products */,
				3C5EFF49AF66D6FCB4EAC6F5 /* Pods */,
				028740C8F1672D1AE68CD4AB /* Frameworks */,
			);
			sourceTree = "<group>";
		};
		C63049DF20E25A7D0022AF28 /* Products */ = {
			isa = PBXGroup;
			children = (
				C63049DE20E25A7D0022AF28 /* PchatApps.app */,
			);
			name = Products;
			sourceTree = "<group>";
		};
		C63049E020E25A7D0022AF28 /* PchatApps */ = {
			isa = PBXGroup;
			children = (
				C63049F320E29FD20022AF28 /* Supporting Files */,
				C63049E120E25A7D0022AF28 /* AppDelegate.swift */,
				C63049E320E25A7D0022AF28 /* ViewController.swift */,
				C63049E520E25A7D0022AF28 /* Main.storyboard */,
				C63049E820E25A7D0022AF28 /* Assets.xcassets */,
				C63049EA20E25A7D0022AF28 /* LaunchScreen.storyboard */,
				C63049ED20E25A7D0022AF28 /* Info.plist */,
			);
			path = PchatApps;
			sourceTree = "<group>";
		};
		C63049F320E29FD20022AF28 /* Supporting Files */ = {
			isa = PBXGroup;
			children = (
				C63049F520E2A0420022AF28 /* SWRevealViewController.h */,
				C63049F620E2A0430022AF28 /* SWRevealViewController.m */,
				C63049F420E2A0410022AF28 /* PchatApps-Bridging-Header.h */,
			);
			path = "Supporting Files";
			sourceTree = "<group>";
		};
/* End PBXGroup section */

/* Begin PBXNativeTarget section */
		C63049DD20E25A7D0022AF28 /* PchatApps */ = {
			isa = PBXNativeTarget;
			buildConfigurationList = C63049F020E25A7D0022AF28 /* Build configuration list for PBXNativeTarget "PchatApps" */;
			buildPhases = (
				D806FC1E227E4894268E2F97 /* [CP] Check Pods Manifest.lock */,
				C63049DA20E25A7D0022AF28 /* Sources */,
				C63049DB20E25A7D0022AF28 /* Frameworks */,
				C63049DC20E25A7D0022AF28 /* Resources */,
				1383CE33D7BCEDD084EDA733 /* [CP] Embed Pods Frameworks */,
			);
			buildRules = (
			);
			dependencies = (
			);
			name = PchatApps;
			productName = PchatApps;
			productReference = C63049DE20E25A7D0022AF28 /* PchatApps.app */;
			productType = "com.apple.product-type.application";
		};
/* End PBXNativeTarget section */

/* Begin PBXProject section */
		C63049D620E25A7D0022AF28 /* Project object */ = {
			isa = PBXProject;
			attributes = {
				LastSwiftUpdateCheck = 0920;
				LastUpgradeCheck = 0920;
				ORGANIZATIONNAME = "Miguel Pelayo";
				TargetAttributes = {
					C63049DD20E25A7D0022AF28 = {
						CreatedOnToolsVersion = 9.2;
						LastSwiftMigration = 0920;
						ProvisioningStyle = Automatic;
					};
				};
			};
			buildConfigurationList = C63049D920E25A7D0022AF28 /* Build configuration list for PBXProject "PchatApps" */;
			compatibilityVersion = "Xcode 8.0";
			developmentRegion = en;
			hasScannedForEncodings = 0;
			knownRegions = (
				en,
				Base,
			);
			mainGroup = C63049D520E25A7D0022AF28;
			productRefGroup = C63049DF20E25A7D0022AF28 /* Products */;
			projectDirPath = "";
			projectRoot = "";
			targets = (
				C63049DD20E25A7D0022AF28 /* PchatApps */,
			);
		};
/* End PBXProject section */

/* Begin PBXResourcesBuildPhase section */
		C63049DC20E25A7D0022AF28 /* Resources */ = {
			isa = PBXResourcesBuildPhase;
			buildActionMask = 2147483647;
			files = (
				C63049EC20E25A7D0022AF28 /* LaunchScreen.storyboard in Resources */,
				C63049E920E25A7D0022AF28 /* Assets.xcassets in Resources */,
				C63049E720E25A7D0022AF28 /* Main.storyboard in Resources */,
			);
			runOnlyForDeploymentPostprocessing = 0;
		};
/* End PBXResourcesBuildPhase section */

/* Begin PBXShellScriptBuildPhase section */
		1383CE33D7BCEDD084EDA733 /* [CP] Embed Pods Frameworks */ = {
			isa = PBXShellScriptBuildPhase;
			buildActionMask = 2147483647;
			files = (
			);
			inputPaths = (
				"${SRCROOT}/Pods/Target Support Files/Pods-PchatApps/Pods-PchatApps-frameworks.sh",
				"${BUILT_PRODUCTS_DIR}/Alamofire/Alamofire.framework",
				"${BUILT_PRODUCTS_DIR}/Socket.IO-Client-Swift/SocketIO.framework",
				"${BUILT_PRODUCTS_DIR}/Starscream/Starscream.framework",
				"${BUILT_PRODUCTS_DIR}/SwiftyJSON/SwiftyJSON.framework",
			);
			name = "[CP] Embed Pods Frameworks";
			outputPaths = (
				"${TARGET_BUILD_DIR}/${FRAMEWORKS_FOLDER_PATH}/Alamofire.framework",
				"${TARGET_BUILD_DIR}/${FRAMEWORKS_FOLDER_PATH}/SocketIO.framework",
				"${TARGET_BUILD_DIR}/${FRAMEWORKS_FOLDER_PATH}/Starscream.framework",
				"${TARGET_BUILD_DIR}/${FRAMEWORKS_FOLDER_PATH}/SwiftyJSON.framework",
			);
			runOnlyForDeploymentPostprocessing = 0;
			shellPath = /bin/sh;
			shellScript = "\"${SRCROOT}/Pods/Target Support Files/Pods-PchatApps/Pods-PchatApps-frameworks.sh\"\n";
			showEnvVarsInLog = 0;
		};
		D806FC1E227E4894268E2F97 /* [CP] Check Pods Manifest.lock */ = {
			isa = PBXShellScriptBuildPhase;
			buildActionMask = 2147483647;
			files = (
			);
			inputPaths = (
				"${PODS_PODFILE_DIR_PATH}/Podfile.lock",
				"${PODS_ROOT}/Manifest.lock",
			);
			name = "[CP] Check Pods Manifest.lock";
			outputPaths = (
				"$(DERIVED_FILE_DIR)/Pods-PchatApps-checkManifestLockResult.txt",
			);
			runOnlyForDeploymentPostprocessing = 0;
			shellPath = /bin/sh;
			shellScript = "diff \"${PODS_PODFILE_DIR_PATH}/Podfile.lock\" \"${PODS_ROOT}/Manifest.lock\" > /dev/null\nif [ $? != 0 ] ; then\n    # print error to STDERR\n    echo \"error: The sandbox is not in sync with the Podfile.lock. Run 'pod install' or update your CocoaPods installation.\" >&2\n    exit 1\nfi\n# This output is used by Xcode 'outputs' to avoid re-running this script phase.\necho \"SUCCESS\" > \"${SCRIPT_OUTPUT_FILE_0}\"\n";
			showEnvVarsInLog = 0;
		};
/* End PBXShellScriptBuildPhase section */

/* Begin PBXSourcesBuildPhase section */
		C63049DA20E25A7D0022AF28 /* Sources */ = {
			isa = PBXSourcesBuildPhase;
			buildActionMask = 2147483647;
			files = (
				C63049E420E25A7D0022AF28 /* ViewController.swift in Sources */,
				C63049E220E25A7D0022AF28 /* AppDelegate.swift in Sources */,
				C63049F720E2A0430022AF28 /* SWRevealViewController.m in Sources */,
			);
			runOnlyForDeploymentPostprocessing = 0;
		};
/* End PBXSourcesBuildPhase section */

/* Begin PBXVariantGroup section */
		C63049E520E25A7D0022AF28 /* Main.storyboard */ = {
			isa = PBXVariantGroup;
			children = (
				C63049E620E25A7D0022AF28 /* Base */,
			);
			name = Main.storyboard;
			sourceTree = "<group>";
		};
		C63049EA20E25A7D0022AF28 /* LaunchScreen.storyboard */ = {
			isa = PBXVariantGroup;
			children = (
				C63049EB20E25A7D0022AF28 /* Base */,
			);
			name = LaunchScreen.storyboard;
			sourceTree = "<group>";
		};
/* End PBXVariantGroup section */

/* Begin XCBuildConfiguration section */
		C63049EE20E25A7D0022AF28 /* Debug */ = {
			isa = XCBuildConfiguration;
			buildSettings = {
				ALWAYS_SEARCH_USER_PATHS = NO;
				CLANG_ANALYZER_NONNULL = YES;
				CLANG_ANALYZER_NUMBER_OBJECT_CONVERSION = YES_AGGRESSIVE;
				CLANG_CXX_LANGUAGE_STANDARD = "gnu++14";
				CLANG_CXX_LIBRARY = "libc++";
				CLANG_ENABLE_MODULES = YES;
				CLANG_ENABLE_OBJC_ARC = YES;
				CLANG_WARN_BLOCK_CAPTURE_AUTORELEASING = YES;
				CLANG_WARN_BOOL_CONVERSION = YES;
				CLANG_WARN_COMMA = YES;
				CLANG_WARN_CONSTANT_CONVERSION = YES;
				CLANG_WARN_DIRECT_OBJC_ISA_USAGE = YES_ERROR;
				CLANG_WARN_DOCUMENTATION_COMMENTS = YES;
				CLANG_WARN_EMPTY_BODY = YES;
				CLANG_WARN_ENUM_CONVERSION = YES;
				CLANG_WARN_INFINITE_RECURSION = YES;
				CLANG_WARN_INT_CONVERSION = YES;
				CLANG_WARN_NON_LITERAL_NULL_CONVERSION = YES;
				CLANG_WARN_OBJC_LITERAL_CONVERSION = YES;
				CLANG_WARN_OBJC_ROOT_CLASS = YES_ERROR;
				CLANG_WARN_RANGE_LOOP_ANALYSIS = YES;
				CLANG_WARN_STRICT_PROTOTYPES = YES;
				CLANG_WARN_SUSPICIOUS_MOVE = YES;
				CLANG_WARN_UNGUARDED_AVAILABILITY = YES_AGGRESSIVE;
				CLANG_WARN_UNREACHABLE_CODE = YES;
				CLANG_WARN__DUPLICATE_METHOD_MATCH = YES;
				CODE_SIGN_IDENTITY = "iPhone Developer";
				COPY_PHASE_STRIP = NO;
				DEBUG_INFORMATION_FORMAT = dwarf;
				ENABLE_STRICT_OBJC_MSGSEND = YES;
				ENABLE_TESTABILITY = YES;
				GCC_C_LANGUAGE_STANDARD = gnu11;
				GCC_DYNAMIC_NO_PIC = NO;
				GCC_NO_COMMON_BLOCKS = YES;
				GCC_OPTIMIZATION_LEVEL = 0;
				GCC_PREPROCESSOR_DEFINITIONS = (
					"DEBUG=1",
					"$(inherited)",
				);
				GCC_WARN_64_TO_32_BIT_CONVERSION = YES;
				GCC_WARN_ABOUT_RETURN_TYPE = YES_ERROR;
				GCC_WARN_UNDECLARED_SELECTOR = YES;
				GCC_WARN_UNINITIALIZED_AUTOS = YES_AGGRESSIVE;
				GCC_WARN_UNUSED_FUNCTION = YES;
				GCC_WARN_UNUSED_VARIABLE = YES;
				IPHONEOS_DEPLOYMENT_TARGET = 11.2;
				MTL_ENABLE_DEBUG_INFO = YES;
				ONLY_ACTIVE_ARCH = YES;
				SDKROOT = iphoneos;
				SWIFT_ACTIVE_COMPILATION_CONDITIONS = DEBUG;
				SWIFT_OPTIMIZATION_LEVEL = "-Onone";
			};
			name = Debug;
		};
		C63049EF20E25A7D0022AF28 /* Release */ = {
			isa = XCBuildConfiguration;
			buildSettings = {
				ALWAYS_SEARCH_USER_PATHS = NO;
				CLANG_ANALYZER_NONNULL = YES;
				CLANG_ANALYZER_NUMBER_OBJECT_CONVERSION = YES_AGGRESSIVE;
				CLANG_CXX_LANGUAGE_STANDARD = "gnu++14";
				CLANG_CXX_LIBRARY = "libc++";
				CLANG_ENABLE_MODULES = YES;
				CLANG_ENABLE_OBJC_ARC = YES;
				CLANG_WARN_BLOCK_CAPTURE_AUTORELEASING = YES;
				CLANG_WARN_BOOL_CONVERSION = YES;
				CLANG_WARN_COMMA = YES;
				CLANG_WARN_CONSTANT_CONVERSION = YES;
				CLANG_WARN_DIRECT_OBJC_ISA_USAGE = YES_ERROR;
				CLANG_WARN_DOCUMENTATION_COMMENTS = YES;
				CLANG_WARN_EMPTY_BODY = YES;
				CLANG_WARN_ENUM_CONVERSION = YES;
				CLANG_WARN_INFINITE_RECURSION = YES;
				CLANG_WARN_INT_CONVERSION = YES;
				CLANG_WARN_NON_LITERAL_NULL_CONVERSION = YES;
				CLANG_WARN_OBJC_LITERAL_CONVERSION = YES;
				CLANG_WARN_OBJC_ROOT_CLASS = YES_ERROR;
				CLANG_WARN_RANGE_LOOP_ANALYSIS = YES;
				CLANG_WARN_STRICT_PROTOTYPES = YES;
				CLANG_WARN_SUSPICIOUS_MOVE = YES;
				CLANG_WARN_UNGUARDED_AVAILABILITY = YES_AGGRESSIVE;
				CLANG_WARN_UNREACHABLE_CODE = YES;
				CLANG_WARN__DUPLICATE_METHOD_MATCH = YES;
				CODE_SIGN_IDENTITY = "iPhone Developer";
				COPY_PHASE_STRIP = NO;
				DEBUG_INFORMATION_FORMAT = "dwarf-with-dsym";
				ENABLE_NS_ASSERTIONS = NO;
				ENABLE_STRICT_OBJC_MSGSEND = YES;
				GCC_C_LANGUAGE_STANDARD = gnu11;
				GCC_NO_COMMON_BLOCKS = YES;
				GCC_WARN_64_TO_32_BIT_CONVERSION = YES;
				GCC_WARN_ABOUT_RETURN_TYPE = YES_ERROR;
				GCC_WARN_UNDECLARED_SELECTOR = YES;
				GCC_WARN_UNINITIALIZED_AUTOS = YES_AGGRESSIVE;
				GCC_WARN_UNUSED_FUNCTION = YES;
				GCC_WARN_UNUSED_VARIABLE = YES;
				IPHONEOS_DEPLOYMENT_TARGET = 11.2;
				MTL_ENABLE_DEBUG_INFO = NO;
				SDKROOT = iphoneos;
				SWIFT_OPTIMIZATION_LEVEL = "-Owholemodule";
				VALIDATE_PRODUCT = YES;
			};
			name = Release;
		};
		C63049F120E25A7D0022AF28 /* Debug */ = {
			isa = XCBuildConfiguration;
			baseConfigurationReference = FDDBF3C8DD344A0AC3D0E3D9 /* Pods-PchatApps.debug.xcconfig */;
			buildSettings = {
				ASSETCATALOG_COMPILER_APPICON_NAME = AppIcon;
				CLANG_ENABLE_MODULES = YES;
				CODE_SIGN_STYLE = Automatic;
				DEVELOPMENT_TEAM = JRJDR3QJ2K;
				INFOPLIST_FILE = PchatApps/Info.plist;
				LD_RUNPATH_SEARCH_PATHS = "$(inherited) @executable_path/Frameworks";
				PRODUCT_BUNDLE_IDENTIFIER = pelayo.PchatApps;
				PRODUCT_NAME = "$(TARGET_NAME)";
				SWIFT_OBJC_BRIDGING_HEADER = "PchatApps/Supporting Files/PchatApps-Bridging-Header.h";
				SWIFT_OPTIMIZATION_LEVEL = "-Onone";
				SWIFT_VERSION = 4.0;
				TARGETED_DEVICE_FAMILY = "1,2";
			};
			name = Debug;
		};
		C63049F220E25A7D0022AF28 /* Release */ = {
			isa = XCBuildConfiguration;
			baseConfigurationReference = 5670E3218892E940AC6C08E4 /* Pods-PchatApps.release.xcconfig */;
			buildSettings = {
				ASSETCATALOG_COMPILER_APPICON_NAME = AppIcon;
				CLANG_ENABLE_MODULES = YES;
				CODE_SIGN_STYLE = Automatic;
				DEVELOPMENT_TEAM = JRJDR3QJ2K;
				INFOPLIST_FILE = PchatApps/Info.plist;
				LD_RUNPATH_SEARCH_PATHS = "$(inherited) @executable_path/Frameworks";
				PRODUCT_BUNDLE_IDENTIFIER = pelayo.PchatApps;
				PRODUCT_NAME = "$(TARGET_NAME)";
				SWIFT_OBJC_BRIDGING_HEADER = "PchatApps/Supporting Files/PchatApps-Bridging-Header.h";
				SWIFT_VERSION = 4.0;
				TARGETED_DEVICE_FAMILY = "1,2";
			};
			name = Release;
		};
/* End XCBuildConfiguration section */

/* Begin XCConfigurationList section */
		C63049D920E25A7D0022AF28 /* Build configuration list for PBXProject "PchatApps" */ = {
			isa = XCConfigurationList;
			buildConfigurations = (
				C63049EE20E25A7D0022AF28 /* Debug */,
				C63049EF20E25A7D0022AF28 /* Release */,
			);
			defaultConfigurationIsVisible = 0;
			defaultConfigurationName = Release;
		};
		C63049F020E25A7D0022AF28 /* Build configuration list for PBXNativeTarget "PchatApps" */ = {
			isa = XCConfigurationList;
			buildConfigurations = (
				C63049F120E25A7D0022AF28 /* Debug */,
				C63049F220E25A7D0022AF28 /* Release */,
			);
			defaultConfigurationIsVisible = 0;
			defaultConfigurationName = Release;
		};
/* End XCConfigurationList section */
	};
	rootObject = C63049D620E25A7D0022AF28 /* Project object */;
}
